// !$*UTF8*$!
{
	archiveVersion = 1;
	classes = {
	};
	objectVersion = 56;
	objects = {

/* Begin PBXBuildFile section */
		932E6D2F2A115449006CBBB6 /* 衡山毛筆フォント.ttf in Resources */ = {isa = PBXBuildFile; fileRef = 932E6D2E2A115449006CBBB6 /* 衡山毛筆フォント.ttf */; };
		932E6D392A12078F006CBBB6 /* 籤筒音效.mp3 in Resources */ = {isa = PBXBuildFile; fileRef = 932E6D382A12078F006CBBB6 /* 籤筒音效.mp3 */; };
		939959942A0FB873004387E7 /* AppDelegate.swift in Sources */ = {isa = PBXBuildFile; fileRef = 939959932A0FB873004387E7 /* AppDelegate.swift */; };
		939959962A0FB873004387E7 /* SceneDelegate.swift in Sources */ = {isa = PBXBuildFile; fileRef = 939959952A0FB873004387E7 /* SceneDelegate.swift */; };
		939959982A0FB873004387E7 /* ViewController.swift in Sources */ = {isa = PBXBuildFile; fileRef = 939959972A0FB873004387E7 /* ViewController.swift */; };
		9399599B2A0FB873004387E7 /* Main.storyboard in Resources */ = {isa = PBXBuildFile; fileRef = 939959992A0FB873004387E7 /* Main.storyboard */; };
		9399599D2A0FB874004387E7 /* Assets.xcassets in Resources */ = {isa = PBXBuildFile; fileRef = 9399599C2A0FB874004387E7 /* Assets.xcassets */; };
		939959A02A0FB874004387E7 /* LaunchScreen.storyboard in Resources */ = {isa = PBXBuildFile; fileRef = 9399599E2A0FB874004387E7 /* LaunchScreen.storyboard */; };
/* End PBXBuildFile section */

/* Begin PBXFileReference section */
		932E6D2E2A115449006CBBB6 /* 衡山毛筆フォント.ttf */ = {isa = PBXFileReference; lastKnownFileType = file; path = "衡山毛筆フォント.ttf"; sourceTree = "<group>"; };
		932E6D382A12078F006CBBB6 /* 籤筒音效.mp3 */ = {isa = PBXFileReference; lastKnownFileType = audio.mp3; path = "籤筒音效.mp3"; sourceTree = "<group>"; };
		939959902A0FB873004387E7 /* HW_ChatBot.app */ = {isa = PBXFileReference; explicitFileType = wrapper.application; includeInIndex = 0; path = HW_ChatBot.app; sourceTree = BUILT_PRODUCTS_DIR; };
		939959932A0FB873004387E7 /* AppDelegate.swift */ = {isa = PBXFileReference; lastKnownFileType = sourcecode.swift; path = AppDelegate.swift; sourceTree = "<group>"; };
		939959952A0FB873004387E7 /* SceneDelegate.swift */ = {isa = PBXFileReference; lastKnownFileType = sourcecode.swift; path = SceneDelegate.swift; sourceTree = "<group>"; };
		939959972A0FB873004387E7 /* ViewController.swift */ = {isa = PBXFileReference; lastKnownFileType = sourcecode.swift; path = ViewController.swift; sourceTree = "<group>"; };
		9399599A2A0FB873004387E7 /* Base */ = {isa = PBXFileReference; lastKnownFileType = file.storyboard; name = Base; path = Base.lproj/Main.storyboard; sourceTree = "<group>"; };
		9399599C2A0FB874004387E7 /* Assets.xcassets */ = {isa = PBXFileReference; lastKnownFileType = folder.assetcatalog; path = Assets.xcassets; sourceTree = "<group>"; };
		9399599F2A0FB874004387E7 /* Base */ = {isa = PBXFileReference; lastKnownFileType = file.storyboard; name = Base; path = Base.lproj/LaunchScreen.storyboard; sourceTree = "<group>"; };
		939959A12A0FB874004387E7 /* Info.plist */ = {isa = PBXFileReference; lastKnownFileType = text.plist.xml; path = Info.plist; sourceTree = "<group>"; };
/* End PBXFileReference section */

/* Begin PBXFrameworksBuildPhase section */
		9399598D2A0FB873004387E7 /* Frameworks */ = {
			isa = PBXFrameworksBuildPhase;
			buildActionMask = 2147483647;
			files = (
			);
			runOnlyForDeploymentPostprocessing = 0;
		};
/* End PBXFrameworksBuildPhase section */

/* Begin PBXGroup section */
		939959872A0FB873004387E7 = {
			isa = PBXGroup;
			children = (
				939959922A0FB873004387E7 /* HW_ChatBot */,
				939959912A0FB873004387E7 /* Products */,
			);
			sourceTree = "<group>";
		};
		939959912A0FB873004387E7 /* Products */ = {
			isa = PBXGroup;
			children = (
				939959902A0FB873004387E7 /* HW_ChatBot.app */,
			);
			name = Products;
			sourceTree = "<group>";
		};
		939959922A0FB873004387E7 /* HW_ChatBot */ = {
			isa = PBXGroup;
			children = (
				932E6D2E2A115449006CBBB6 /* 衡山毛筆フォント.ttf */,
				939959932A0FB873004387E7 /* AppDelegate.swift */,
				939959952A0FB873004387E7 /* SceneDelegate.swift */,
				939959972A0FB873004387E7 /* ViewController.swift */,
				939959992A0FB873004387E7 /* Main.storyboard */,
				9399599C2A0FB874004387E7 /* Assets.xcassets */,
				9399599E2A0FB874004387E7 /* LaunchScreen.storyboard */,
				932E6D382A12078F006CBBB6 /* 籤筒音效.mp3 */,
				939959A12A0FB874004387E7 /* Info.plist */,
			);
			path = HW_ChatBot;
			sourceTree = "<group>";
		};
/* End PBXGroup section */

/* Begin PBXNativeTarget section */
		9399598F2A0FB873004387E7 /* HW_ChatBot */ = {
			isa = PBXNativeTarget;
			buildConfigurationList = 939959A42A0FB874004387E7 /* Build configuration list for PBXNativeTarget "HW_ChatBot" */;
			buildPhases = (
				9399598C2A0FB873004387E7 /* Sources */,
				9399598D2A0FB873004387E7 /* Frameworks */,
				9399598E2A0FB873004387E7 /* Resources */,
			);
			buildRules = (
			);
			dependencies = (
			);
			name = HW_ChatBot;
			productName = HW_ChatBot;
			productReference = 939959902A0FB873004387E7 /* HW_ChatBot.app */;
			productType = "com.apple.product-type.application";
		};
/* End PBXNativeTarget section */

/* Begin PBXProject section */
		939959882A0FB873004387E7 /* Project object */ = {
			isa = PBXProject;
			attributes = {
				BuildIndependentTargetsInParallel = 1;
				LastSwiftUpdateCheck = 1430;
				LastUpgradeCheck = 1430;
				TargetAttributes = {
					9399598F2A0FB873004387E7 = {
						CreatedOnToolsVersion = 14.3;
					};
				};
			};
			buildConfigurationList = 9399598B2A0FB873004387E7 /* Build configuration list for PBXProject "HW_ChatBot" */;
			compatibilityVersion = "Xcode 14.0";
			developmentRegion = en;
			hasScannedForEncodings = 0;
			knownRegions = (
				en,
				Base,
			);
			mainGroup = 939959872A0FB873004387E7;
			productRefGroup = 939959912A0FB873004387E7 /* Products */;
			projectDirPath = "";
			projectRoot = "";
			targets = (
				9399598F2A0FB873004387E7 /* HW_ChatBot */,
			);
		};
/* End PBXProject section */

/* Begin PBXResourcesBuildPhase section */
		9399598E2A0FB873004387E7 /* Resources */ = {
			isa = PBXResourcesBuildPhase;
			buildActionMask = 2147483647;
			files = (
				932E6D2F2A115449006CBBB6 /* 衡山毛筆フォント.ttf in Resources */,
				939959A02A0FB874004387E7 /* LaunchScreen.storyboard in Resources */,
				9399599D2A0FB874004387E7 /* Assets.xcassets in Resources */,
				932E6D392A12078F006CBBB6 /* 籤筒音效.mp3 in Resources */,
				9399599B2A0FB873004387E7 /* Main.storyboard in Resources */,
			);
			runOnlyForDeploymentPostprocessing = 0;
		};
/* End PBXResourcesBuildPhase section */

/* Begin PBXSourcesBuildPhase section */
		9399598C2A0FB873004387E7 /* Sources */ = {
			isa = PBXSourcesBuildPhase;
			buildActionMask = 2147483647;
			files = (
				939959982A0FB873004387E7 /* ViewController.swift in Sources */,
				939959942A0FB873004387E7 /* AppDelegate.swift in Sources */,
				939959962A0FB873004387E7 /* SceneDelegate.swift in Sources */,
			);
			runOnlyForDeploymentPostprocessing = 0;
		};
/* End PBXSourcesBuildPhase section */

/* Begin PBXVariantGroup section */
		939959992A0FB873004387E7 /* Main.storyboard */ = {
			isa = PBXVariantGroup;
			children = (
				9399599A2A0FB873004387E7 /* Base */,
			);
			name = Main.storyboard;
			sourceTree = "<group>";
		};
		9399599E2A0FB874004387E7 /* LaunchScreen.storyboard */ = {
			isa = PBXVariantGroup;
			children = (
				9399599F2A0FB874004387E7 /* Base */,
			);
			name = LaunchScreen.storyboard;
			sourceTree = "<group>";
		};
/* End PBXVariantGroup section */

/* Begin XCBuildConfiguration section */
		939959A22A0FB874004387E7 /* Debug */ = {
			isa = XCBuildConfiguration;
			buildSettings = {
				ALWAYS_SEARCH_USER_PATHS = NO;
				CLANG_ANALYZER_NONNULL = YES;
				CLANG_ANALYZER_NUMBER_OBJECT_CONVERSION = YES_AGGRESSIVE;
				CLANG_CXX_LANGUAGE_STANDARD = "gnu++20";
				CLANG_ENABLE_MODULES = YES;
				CLANG_ENABLE_OBJC_ARC = YES;
				CLANG_ENABLE_OBJC_WEAK = YES;
				CLANG_WARN_BLOCK_CAPTURE_AUTORELEASING = YES;
				CLANG_WARN_BOOL_CONVERSION = YES;
				CLANG_WARN_COMMA = YES;
				CLANG_WARN_CONSTANT_CONVERSION = YES;
				CLANG_WARN_DEPRECATED_OBJC_IMPLEMENTATIONS = YES;
				CLANG_WARN_DIRECT_OBJC_ISA_USAGE = YES_ERROR;
				CLANG_WARN_DOCUMENTATION_COMMENTS = YES;
				CLANG_WARN_EMPTY_BODY = YES;
				CLANG_WARN_ENUM_CONVERSION = YES;
				CLANG_WARN_INFINITE_RECURSION = YES;
				CLANG_WARN_INT_CONVERSION = YES;
				CLANG_WARN_NON_LITERAL_NULL_CONVERSION = YES;
				CLANG_WARN_OBJC_IMPLICIT_RETAIN_SELF = YES;
				CLANG_WARN_OBJC_LITERAL_CONVERSION = YES;
				CLANG_WARN_OBJC_ROOT_CLASS = YES_ERROR;
				CLANG_WARN_QUOTED_INCLUDE_IN_FRAMEWORK_HEADER = YES;
				CLANG_WARN_RANGE_LOOP_ANALYSIS = YES;
				CLANG_WARN_STRICT_PROTOTYPES = YES;
				CLANG_WARN_SUSPICIOUS_MOVE = YES;
				CLANG_WARN_UNGUARDED_AVAILABILITY = YES_AGGRESSIVE;
				CLANG_WARN_UNREACHABLE_CODE = YES;
				CLANG_WARN__DUPLICATE_METHOD_MATCH = YES;
				COPY_PHASE_STRIP = NO;
				DEBUG_INFORMATION_FORMAT = dwarf;
				ENABLE_STRICT_OBJC_MSGSEND = YES;
				ENABLE_TESTABILITY = YES;
				GCC_C_LANGUAGE_STANDARD = gnu11;
				GCC_DYNAMIC_NO_PIC = NO;
				GCC_NO_COMMON_BLOCKS = YES;
				GCC_OPTIMIZATION_LEVEL = 0;
				GCC_PREPROCESSOR_DEFINITIONS = (
					"DEBUG=1",
					"$(inherited)",
				);
				GCC_WARN_64_TO_32_BIT_CONVERSION = YES;
				GCC_WARN_ABOUT_RETURN_TYPE = YES_ERROR;
				GCC_WARN_UNDECLARED_SELECTOR = YES;
				GCC_WARN_UNINITIALIZED_AUTOS = YES_AGGRESSIVE;
				GCC_WARN_UNUSED_FUNCTION = YES;
				GCC_WARN_UNUSED_VARIABLE = YES;
				IPHONEOS_DEPLOYMENT_TARGET = 16.4;
				MTL_ENABLE_DEBUG_INFO = INCLUDE_SOURCE;
				MTL_FAST_MATH = YES;
				ONLY_ACTIVE_ARCH = YES;
				SDKROOT = iphoneos;
				SWIFT_ACTIVE_COMPILATION_CONDITIONS = DEBUG;
				SWIFT_OPTIMIZATION_LEVEL = "-Onone";
			};
			name = Debug;
		};
		939959A32A0FB874004387E7 /* Release */ = {
			isa = XCBuildConfiguration;
			buildSettings = {
				ALWAYS_SEARCH_USER_PATHS = NO;
				CLANG_ANALYZER_NONNULL = YES;
				CLANG_ANALYZER_NUMBER_OBJECT_CONVERSION = YES_AGGRESSIVE;
				CLANG_CXX_LANGUAGE_STANDARD = "gnu++20";
				CLANG_ENABLE_MODULES = YES;
				CLANG_ENABLE_OBJC_ARC = YES;
				CLANG_ENABLE_OBJC_WEAK = YES;
				CLANG_WARN_BLOCK_CAPTURE_AUTORELEASING = YES;
				CLANG_WARN_BOOL_CONVERSION = YES;
				CLANG_WARN_COMMA = YES;
				CLANG_WARN_CONSTANT_CONVERSION = YES;
				CLANG_WARN_DEPRECATED_OBJC_IMPLEMENTATIONS = YES;
				CLANG_WARN_DIRECT_OBJC_ISA_USAGE = YES_ERROR;
				CLANG_WARN_DOCUMENTATION_COMMENTS = YES;
				CLANG_WARN_EMPTY_BODY = YES;
				CLANG_WARN_ENUM_CONVERSION = YES;
				CLANG_WARN_INFINITE_RECURSION = YES;
				CLANG_WARN_INT_CONVERSION = YES;
				CLANG_WARN_NON_LITERAL_NULL_CONVERSION = YES;
				CLANG_WARN_OBJC_IMPLICIT_RETAIN_SELF = YES;
				CLANG_WARN_OBJC_LITERAL_CONVERSION = YES;
				CLANG_WARN_OBJC_ROOT_CLASS = YES_ERROR;
				CLANG_WARN_QUOTED_INCLUDE_IN_FRAMEWORK_HEADER = YES;
				CLANG_WARN_RANGE_LOOP_ANALYSIS = YES;
				CLANG_WARN_STRICT_PROTOTYPES = YES;
				CLANG_WARN_SUSPICIOUS_MOVE = YES;
				CLANG_WARN_UNGUARDED_AVAILABILITY = YES_AGGRESSIVE;
				CLANG_WARN_UNREACHABLE_CODE = YES;
				CLANG_WARN__DUPLICATE_METHOD_MATCH = YES;
				COPY_PHASE_STRIP = NO;
				DEBUG_INFORMATION_FORMAT = "dwarf-with-dsym";
				ENABLE_NS_ASSERTIONS = NO;
				ENABLE_STRICT_OBJC_MSGSEND = YES;
				GCC_C_LANGUAGE_STANDARD = gnu11;
				GCC_NO_COMMON_BLOCKS = YES;
				GCC_WARN_64_TO_32_BIT_CONVERSION = YES;
				GCC_WARN_ABOUT_RETURN_TYPE = YES_ERROR;
				GCC_WARN_UNDECLARED_SELECTOR = YES;
				GCC_WARN_UNINITIALIZED_AUTOS = YES_AGGRESSIVE;
				GCC_WARN_UNUSED_FUNCTION = YES;
				GCC_WARN_UNUSED_VARIABLE = YES;
				IPHONEOS_DEPLOYMENT_TARGET = 16.4;
				MTL_ENABLE_DEBUG_INFO = NO;
				MTL_FAST_MATH = YES;
				SDKROOT = iphoneos;
				SWIFT_COMPILATION_MODE = wholemodule;
				SWIFT_OPTIMIZATION_LEVEL = "-O";
				VALIDATE_PRODUCT = YES;
			};
			name = Release;
		};
		939959A52A0FB874004387E7 /* Debug */ = {
			isa = XCBuildConfiguration;
			buildSettings = {
				ASSETCATALOG_COMPILER_APPICON_NAME = AppIcon;
				ASSETCATALOG_COMPILER_GLOBAL_ACCENT_COLOR_NAME = AccentColor;
				CODE_SIGN_STYLE = Automatic;
				CURRENT_PROJECT_VERSION = 1;
				DEVELOPMENT_TEAM = P8FCS2FB8Z;
				GENERATE_INFOPLIST_FILE = YES;
				INFOPLIST_FILE = HW_ChatBot/Info.plist;
				INFOPLIST_KEY_UIApplicationSupportsIndirectInputEvents = YES;
				INFOPLIST_KEY_UILaunchStoryboardName = LaunchScreen;
				INFOPLIST_KEY_UIMainStoryboardFile = Main;
				INFOPLIST_KEY_UISupportedInterfaceOrientations_iPad = "UIInterfaceOrientationPortrait UIInterfaceOrientationPortraitUpsideDown UIInterfaceOrientationLandscapeLeft UIInterfaceOrientationLandscapeRight";
				INFOPLIST_KEY_UISupportedInterfaceOrientations_iPhone = "UIInterfaceOrientationPortrait UIInterfaceOrientationLandscapeLeft UIInterfaceOrientationLandscapeRight";
				LD_RUNPATH_SEARCH_PATHS = (
					"$(inherited)",
					"@executable_path/Frameworks",
				);
				MARKETING_VERSION = 1.0;
				PRODUCT_BUNDLE_IDENTIFIER = "com.tonytsao.HW-ChatBot";
				PRODUCT_NAME = "$(TARGET_NAME)";
				SWIFT_EMIT_LOC_STRINGS = YES;
				SWIFT_VERSION = 5.0;
				TARGETED_DEVICE_FAMILY = "1,2";
			};
			name = Debug;
		};
		939959A62A0FB874004387E7 /* Release */ = {
			isa = XCBuildConfiguration;
			buildSettings = {
				ASSETCATALOG_COMPILER_APPICON_NAME = AppIcon;
				ASSETCATALOG_COMPILER_GLOBAL_ACCENT_COLOR_NAME = AccentColor;
				CODE_SIGN_STYLE = Automatic;
				CURRENT_PROJECT_VERSION = 1;
				DEVELOPMENT_TEAM = P8FCS2FB8Z;
				GENERATE_INFOPLIST_FILE = YES;
				INFOPLIST_FILE = HW_ChatBot/Info.plist;
				INFOPLIST_KEY_UIApplicationSupportsIndirectInputEvents = YES;
				INFOPLIST_KEY_UILaunchStoryboardName = LaunchScreen;
				INFOPLIST_KEY_UIMainStoryboardFile = Main;
				INFOPLIST_KEY_UISupportedInterfaceOrientations_iPad = "UIInterfaceOrientationPortrait UIInterfaceOrientationPortraitUpsideDown UIInterfaceOrientationLandscapeLeft UIInterfaceOrientationLandscapeRight";
				INFOPLIST_KEY_UISupportedInterfaceOrientations_iPhone = "UIInterfaceOrientationPortrait UIInterfaceOrientationLandscapeLeft UIInterfaceOrientationLandscapeRight";
				LD_RUNPATH_SEARCH_PATHS = (
					"$(inherited)",
					"@executable_path/Frameworks",
				);
				MARKETING_VERSION = 1.0;
				PRODUCT_BUNDLE_IDENTIFIER = "com.tonytsao.HW-ChatBot";
				PRODUCT_NAME = "$(TARGET_NAME)";
				SWIFT_EMIT_LOC_STRINGS = YES;
				SWIFT_VERSION = 5.0;
				TARGETED_DEVICE_FAMILY = "1,2";
			};
			name = Release;
		};
/* End XCBuildConfiguration section */

/* Begin XCConfigurationList section */
		9399598B2A0FB873004387E7 /* Build configuration list for PBXProject "HW_ChatBot" */ = {
			isa = XCConfigurationList;
			buildConfigurations = (
				939959A22A0FB874004387E7 /* Debug */,
				939959A32A0FB874004387E7 /* Release */,
			);
			defaultConfigurationIsVisible = 0;
			defaultConfigurationName = Release;
		};
		939959A42A0FB874004387E7 /* Build configuration list for PBXNativeTarget "HW_ChatBot" */ = {
			isa = XCConfigurationList;
			buildConfigurations = (
				939959A52A0FB874004387E7 /* Debug */,
				939959A62A0FB874004387E7 /* Release */,
			);
			defaultConfigurationIsVisible = 0;
			defaultConfigurationName = Release;
		};
/* End XCConfigurationList section */
	};
	rootObject = 939959882A0FB873004387E7 /* Project object */;
}
